
Microsoft Visual Studio Solution File, Format Version 12.00
Project("{FAE04EC0-301F-11D3-BF4B-00C04F79EFBC}") = "AdventOfCode2023", "src\AdventOfCode2023\AdventOfCode2023.csproj", "{DFC1BA03-7435-401A-9F00-85C7235ECC1F}"
EndProject
Project("{FAE04EC0-301F-11D3-BF4B-00C04F79EFBC}") = "AdventOfCode2023.Tests", "src\AdventOfCode2023.Tests\AdventOfCode2023.Tests.csproj", "{B73DBE3C-B460-49E9-859D-4F7379251DC9}"
EndProject
Global
	GlobalSection(SolutionConfigurationPlatforms) = preSolution
		Debug|Any CPU = Debug|Any CPU
		Release|Any CPU = Release|Any CPU
	EndGlobalSection
	GlobalSection(ProjectConfigurationPlatforms) = postSolution
		{DFC1BA03-7435-401A-9F00-85C7235ECC1F}.Debug|Any CPU.ActiveCfg = Debug|Any CPU
		{DFC1BA03-7435-401A-9F00-85C7235ECC1F}.Debug|Any CPU.Build.0 = Debug|Any CPU
		{DFC1BA03-7435-401A-9F00-85C7235ECC1F}.Release|Any CPU.ActiveCfg = Release|Any CPU
		{DFC1BA03-7435-401A-9F00-85C7235ECC1F}.Release|Any CPU.Build.0 = Release|Any CPU
		{B73DBE3C-B460-49E9-859D-4F7379251DC9}.Debug|Any CPU.ActiveCfg = Debug|Any CPU
		{B73DBE3C-B460-49E9-859D-4F7379251DC9}.Debug|Any CPU.Build.0 = Debug|Any CPU
		{B73DBE3C-B460-49E9-859D-4F7379251DC9}.Release|Any CPU.ActiveCfg = Release|Any CPU
		{B73DBE3C-B460-49E9-859D-4F7379251DC9}.Release|Any CPU.Build.0 = Release|Any CPU
	EndGlobalSection
EndGlobal
